
Microsoft Visual Studio Solution File, Format Version 12.00
# Visual Studio 15
VisualStudioVersion = 15.0.28307.329
MinimumVisualStudioVersion = 10.0.40219.1
Project("{FAE04EC0-301F-11D3-BF4B-00C04F79EFBC}") = "CL_Encrypt", "CL_Encrypt\CL_Encrypt.csproj", "{0522415E-3770-45F8-B587-C0E13C41DFC9}"
EndProject
Project("{FAE04EC0-301F-11D3-BF4B-00C04F79EFBC}") = "test", "test\test.csproj", "{8349EA83-5D8D-4C95-B4BD-D1C8209F9133}"
EndProject
Global
	GlobalSection(SolutionConfigurationPlatforms) = preSolution
		Debug|Any CPU = Debug|Any CPU
		Release|Any CPU = Release|Any CPU
	EndGlobalSection
	GlobalSection(ProjectConfigurationPlatforms) = postSolution
		{0522415E-3770-45F8-B587-C0E13C41DFC9}.Debug|Any CPU.ActiveCfg = Debug|Any CPU
		{0522415E-3770-45F8-B587-C0E13C41DFC9}.Debug|Any CPU.Build.0 = Debug|Any CPU
		{0522415E-3770-45F8-B587-C0E13C41DFC9}.Release|Any CPU.ActiveCfg = Release|Any CPU
		{0522415E-3770-45F8-B587-C0E13C41DFC9}.Release|Any CPU.Build.0 = Release|Any CPU
		{8349EA83-5D8D-4C95-B4BD-D1C8209F9133}.Debug|Any CPU.ActiveCfg = Debug|Any CPU
		{8349EA83-5D8D-4C95-B4BD-D1C8209F9133}.Debug|Any CPU.Build.0 = Debug|Any CPU
		{8349EA83-5D8D-4C95-B4BD-D1C8209F9133}.Release|Any CPU.ActiveCfg = Release|Any CPU
		{8349EA83-5D8D-4C95-B4BD-D1C8209F9133}.Release|Any CPU.Build.0 = Release|Any CPU
	EndGlobalSection
	GlobalSection(SolutionProperties) = preSolution
		HideSolutionNode = FALSE
	EndGlobalSection
	GlobalSection(ExtensibilityGlobals) = postSolution
		SolutionGuid = {0B4FD88D-CF9E-4352-A0EA-445C6354FAE2}
	EndGlobalSection
EndGlobal
